
Microsoft Visual Studio Solution File, Format Version 12.00
# Visual Studio Version 16
VisualStudioVersion = 16.0.30804.86
MinimumVisualStudioVersion = 10.0.40219.1
Project("{FAE04EC0-301F-11D3-BF4B-00C04F79EFBC}") = "WebsiteRevisitor", "WebsiteRevisitor\WebsiteRevisitor.csproj", "{FDCC89E3-C026-4C8F-BE35-A30D333EBAB8}"
EndProject
Global
	GlobalSection(SolutionConfigurationPlatforms) = preSolution
		Debug|Any CPU = Debug|Any CPU
		Release|Any CPU = Release|Any CPU
	EndGlobalSection
	GlobalSection(ProjectConfigurationPlatforms) = postSolution
		{FDCC89E3-C026-4C8F-BE35-A30D333EBAB8}.Debug|Any CPU.ActiveCfg = Debug|Any CPU
		{FDCC89E3-C026-4C8F-BE35-A30D333EBAB8}.Debug|Any CPU.Build.0 = Debug|Any CPU
		{FDCC89E3-C026-4C8F-BE35-A30D333EBAB8}.Release|Any CPU.ActiveCfg = Release|Any CPU
		{FDCC89E3-C026-4C8F-BE35-A30D333EBAB8}.Release|Any CPU.Build.0 = Release|Any CPU
	EndGlobalSection
	GlobalSection(SolutionProperties) = preSolution
		HideSolutionNode = FALSE
	EndGlobalSection
	GlobalSection(ExtensibilityGlobals) = postSolution
		SolutionGuid = {6AE9AB63-ECE1-4FA6-9827-6686918120E6}
	EndGlobalSection
EndGlobal
